
Microsoft Visual Studio Solution File, Format Version 12.00
# Visual Studio Version 17
VisualStudioVersion = 17.5.33516.290
MinimumVisualStudioVersion = 10.0.40219.1
Project("{FAE04EC0-301F-11D3-BF4B-00C04F79EFBC}") = "Demo_01_Web_API_Intro", "Demo_01_Web_API_Intro\Demo_01_Web_API_Intro.csproj", "{DD0A1E62-7ED0-40E1-BDB3-89DC55F919B3}"
EndProject
Global
	GlobalSection(SolutionConfigurationPlatforms) = preSolution
		Debug|Any CPU = Debug|Any CPU
		Release|Any CPU = Release|Any CPU
	EndGlobalSection
	GlobalSection(ProjectConfigurationPlatforms) = postSolution
		{DD0A1E62-7ED0-40E1-BDB3-89DC55F919B3}.Debug|Any CPU.ActiveCfg = Debug|Any CPU
		{DD0A1E62-7ED0-40E1-BDB3-89DC55F919B3}.Debug|Any CPU.Build.0 = Debug|Any CPU
		{DD0A1E62-7ED0-40E1-BDB3-89DC55F919B3}.Release|Any CPU.ActiveCfg = Release|Any CPU
		{DD0A1E62-7ED0-40E1-BDB3-89DC55F919B3}.Release|Any CPU.Build.0 = Release|Any CPU
	EndGlobalSection
	GlobalSection(SolutionProperties) = preSolution
		HideSolutionNode = FALSE
	EndGlobalSection
	GlobalSection(ExtensibilityGlobals) = postSolution
		SolutionGuid = {8DA1B693-9A8E-4D74-A180-C9452AA7A36E}
	EndGlobalSection
EndGlobal
