
Microsoft Visual Studio Solution File, Format Version 12.00
# Visual Studio Version 17
VisualStudioVersion = 17.5.33516.290
MinimumVisualStudioVersion = 10.0.40219.1
Project("{FAE04EC0-301F-11D3-BF4B-00C04F79EFBC}") = "testapp2", "testapp2\testapp2.csproj", "{0DC28843-E0E7-4D09-89E7-7A093D60BC6E}"
EndProject
Global
	GlobalSection(SolutionConfigurationPlatforms) = preSolution
		Debug|Any CPU = Debug|Any CPU
		Release|Any CPU = Release|Any CPU
	EndGlobalSection
	GlobalSection(ProjectConfigurationPlatforms) = postSolution
		{0DC28843-E0E7-4D09-89E7-7A093D60BC6E}.Debug|Any CPU.ActiveCfg = Debug|Any CPU
		{0DC28843-E0E7-4D09-89E7-7A093D60BC6E}.Debug|Any CPU.Build.0 = Debug|Any CPU
		{0DC28843-E0E7-4D09-89E7-7A093D60BC6E}.Release|Any CPU.ActiveCfg = Release|Any CPU
		{0DC28843-E0E7-4D09-89E7-7A093D60BC6E}.Release|Any CPU.Build.0 = Release|Any CPU
	EndGlobalSection
	GlobalSection(SolutionProperties) = preSolution
		HideSolutionNode = FALSE
	EndGlobalSection
	GlobalSection(ExtensibilityGlobals) = postSolution
		SolutionGuid = {4816E315-BD70-4336-872C-2660DE6C2736}
	EndGlobalSection
EndGlobal
