
Microsoft Visual Studio Solution File, Format Version 12.00
# Visual Studio Version 17
VisualStudioVersion = 17.5.33516.290
MinimumVisualStudioVersion = 10.0.40219.1
Project("{9A19103F-16F7-4668-BE54-9A1E7A4F7556}") = "DeckOfCards", "DeckOfCards\DeckOfCards.csproj", "{7E413D08-3E0C-4D0E-96B9-85EE2B14EDF6}"
EndProject
Global
	GlobalSection(SolutionConfigurationPlatforms) = preSolution
		Debug|Any CPU = Debug|Any CPU
		Release|Any CPU = Release|Any CPU
	EndGlobalSection
	GlobalSection(ProjectConfigurationPlatforms) = postSolution
		{7E413D08-3E0C-4D0E-96B9-85EE2B14EDF6}.Debug|Any CPU.ActiveCfg = Debug|Any CPU
		{7E413D08-3E0C-4D0E-96B9-85EE2B14EDF6}.Debug|Any CPU.Build.0 = Debug|Any CPU
		{7E413D08-3E0C-4D0E-96B9-85EE2B14EDF6}.Release|Any CPU.ActiveCfg = Release|Any CPU
		{7E413D08-3E0C-4D0E-96B9-85EE2B14EDF6}.Release|Any CPU.Build.0 = Release|Any CPU
	EndGlobalSection
	GlobalSection(SolutionProperties) = preSolution
		HideSolutionNode = FALSE
	EndGlobalSection
	GlobalSection(ExtensibilityGlobals) = postSolution
		SolutionGuid = {39102F36-2898-4E69-8796-B5949A5A277D}
	EndGlobalSection
EndGlobal
