
Microsoft Visual Studio Solution File, Format Version 12.00
# Visual Studio Version 17
VisualStudioVersion = 17.2.32630.192
MinimumVisualStudioVersion = 10.0.40219.1
Project("{FAE04EC0-301F-11D3-BF4B-00C04F79EFBC}") = "CircleLab", "CircleLab\CircleLab.csproj", "{24E55EAE-9556-45AE-9D53-9A039A735D9C}"
EndProject
Global
	GlobalSection(SolutionConfigurationPlatforms) = preSolution
		Debug|Any CPU = Debug|Any CPU
		Release|Any CPU = Release|Any CPU
	EndGlobalSection
	GlobalSection(ProjectConfigurationPlatforms) = postSolution
		{24E55EAE-9556-45AE-9D53-9A039A735D9C}.Debug|Any CPU.ActiveCfg = Debug|Any CPU
		{24E55EAE-9556-45AE-9D53-9A039A735D9C}.Debug|Any CPU.Build.0 = Debug|Any CPU
		{24E55EAE-9556-45AE-9D53-9A039A735D9C}.Release|Any CPU.ActiveCfg = Release|Any CPU
		{24E55EAE-9556-45AE-9D53-9A039A735D9C}.Release|Any CPU.Build.0 = Release|Any CPU
	EndGlobalSection
	GlobalSection(SolutionProperties) = preSolution
		HideSolutionNode = FALSE
	EndGlobalSection
	GlobalSection(ExtensibilityGlobals) = postSolution
		SolutionGuid = {3991E341-C5CE-4B60-95CA-31195B9F2F3F}
	EndGlobalSection
EndGlobal
