
Microsoft Visual Studio Solution File, Format Version 12.00
# Visual Studio Version 17
VisualStudioVersion = 17.5.33516.290
MinimumVisualStudioVersion = 10.0.40219.1
Project("{FAE04EC0-301F-11D3-BF4B-00C04F79EFBC}") = "CoffeeShopLab", "CoffeeShopLab\CoffeeShopLab.csproj", "{BB64436E-AC42-4D3F-BCD4-B412B8639889}"
EndProject
Global
	GlobalSection(SolutionConfigurationPlatforms) = preSolution
		Debug|Any CPU = Debug|Any CPU
		Release|Any CPU = Release|Any CPU
	EndGlobalSection
	GlobalSection(ProjectConfigurationPlatforms) = postSolution
		{BB64436E-AC42-4D3F-BCD4-B412B8639889}.Debug|Any CPU.ActiveCfg = Debug|Any CPU
		{BB64436E-AC42-4D3F-BCD4-B412B8639889}.Debug|Any CPU.Build.0 = Debug|Any CPU
		{BB64436E-AC42-4D3F-BCD4-B412B8639889}.Release|Any CPU.ActiveCfg = Release|Any CPU
		{BB64436E-AC42-4D3F-BCD4-B412B8639889}.Release|Any CPU.Build.0 = Release|Any CPU
	EndGlobalSection
	GlobalSection(SolutionProperties) = preSolution
		HideSolutionNode = FALSE
	EndGlobalSection
	GlobalSection(ExtensibilityGlobals) = postSolution
		SolutionGuid = {602C4B97-7A5E-4F04-B6EF-B681E46C0A2A}
	EndGlobalSection
EndGlobal
